
Microsoft Visual Studio Solution File, Format Version 12.00
# Visual Studio Version 16
VisualStudioVersion = 16.0.30225.117
MinimumVisualStudioVersion = 10.0.40219.1
Project("{8BC9CEB8-8B4A-11D0-8D11-00A0C91BC942}") = "Lab_01_AA", "Lab_01_AA\Lab_01_AA.vcxproj", "{474324DC-009C-43DC-A0F8-C8D90F3ACAC1}"
EndProject
Global
	GlobalSection(SolutionConfigurationPlatforms) = preSolution
		Debug|x64 = Debug|x64
		Debug|x86 = Debug|x86
		Release|x64 = Release|x64
		Release|x86 = Release|x86
	EndGlobalSection
	GlobalSection(ProjectConfigurationPlatforms) = postSolution
		{474324DC-009C-43DC-A0F8-C8D90F3ACAC1}.Debug|x64.ActiveCfg = Debug|x64
		{474324DC-009C-43DC-A0F8-C8D90F3ACAC1}.Debug|x64.Build.0 = Debug|x64
		{474324DC-009C-43DC-A0F8-C8D90F3ACAC1}.Debug|x86.ActiveCfg = Debug|Win32
		{474324DC-009C-43DC-A0F8-C8D90F3ACAC1}.Debug|x86.Build.0 = Debug|Win32
		{474324DC-009C-43DC-A0F8-C8D90F3ACAC1}.Release|x64.ActiveCfg = Release|x64
		{474324DC-009C-43DC-A0F8-C8D90F3ACAC1}.Release|x64.Build.0 = Release|x64
		{474324DC-009C-43DC-A0F8-C8D90F3ACAC1}.Release|x86.ActiveCfg = Release|Win32
		{474324DC-009C-43DC-A0F8-C8D90F3ACAC1}.Release|x86.Build.0 = Release|Win32
	EndGlobalSection
	GlobalSection(SolutionProperties) = preSolution
		HideSolutionNode = FALSE
	EndGlobalSection
	GlobalSection(ExtensibilityGlobals) = postSolution
		SolutionGuid = {D5920A2D-90C1-4EAB-B724-E3140D2E924E}
	EndGlobalSection
EndGlobal
